{
    "_meta": {
        "hash": {
            "sha256": "8a2cb54134b315c31c5e2dcce7b79bdf222cfa7e6a55992be4bb214e16386232"
        },
        "host-environment-markers": {
            "implementation_name": "cpython",
            "implementation_version": "3.6.2",
            "os_name": "posix",
            "platform_machine": "x86_64",
            "platform_python_implementation": "CPython",
            "platform_release": "16.7.0",
            "platform_system": "Darwin",
            "platform_version": "Darwin Kernel Version 16.7.0: Thu Jun 15 17:36:27 PDT 2017; root:xnu-3789.70.16~2/RELEASE_X86_64",
            "python_full_version": "3.6.2",
            "python_version": "3.6",
            "sys_platform": "darwin"
        },
        "pipfile-spec": 3,
        "requires": {
            "python_version": "3.6"
        },
        "sources": [
            {
                "url": "https://pypi.python.org/simple",
                "verify_ssl": true
            }
        ]
    },
    "default": {
        "aiohttp": {
            "hashes": [
                "sha256:81a6aaace2b9e8a87531277a5d5f998efbd3554c15bf47173834386966d1bbe1",
                "sha256:ad374a5d7be1de271ecd0fb0ef87c0f8dd9fb062e6fae350fa6c098360018978",
                "sha256:3ac6fa105355928e2fc02e876d0d72d6230557d4637017ebf09aec7611124155",
                "sha256:3a253332a0d8f82549e65035ebe7199580c3ea0e47071b7428f25b109b3c0310",
                "sha256:e1985766a4c83fcbdf7dde06544231fc9fb3de8929788179e623d6f9f9f321d2",
                "sha256:714c62532ca6be90be4b54002743e7ea277ec78b45f04ae86cdc6f45a8400abd",
                "sha256:c579ec606f25b3f756f177fee6db344f8d7ef75cfc0603a94c9fa1d1c645789d",
                "sha256:3bfcb76553d7f6296d1a598162d5fb890198f98c021540cbbb85bb604ff198db",
                "sha256:c3e1897726f97d40e067e8b658b2dbdfe216f32b801c5c589212e1b1f9aa8388"
            ],
            "version": "==1.0.5"
        },
        "aiosocks": {
            "hashes": [
                "sha256:0b783fc6102934ea2ca4ae0fb0d4519d210d763f304803ba8c3fd7d268518b09"
            ],
            "version": "==0.1.7"
        },
        "async-timeout": {
            "hashes": [
                "sha256:5b5c855783f65dfda72fc15ca538070188776ece811408867e64dd3cce53371d",
                "sha256:983891535b1eca6ba82b9df671c8abff53c804fce3fa630058da5bbbda500340"
            ],
            "version": "==1.4.0"
        },
        "chardet": {
            "hashes": [
                "sha256:fc323ffcaeaed0e0a02bf4d117757b98aed530d9ed4531e3e15460124c106691",
                "sha256:84ab92ed1c4d4f16916e05906b6b75a6c0fb5db821cc65e70cbd64a3e2a5eaae"
            ],
            "version": "==3.0.4"
        },
        "multidict": {
            "hashes": [
                "sha256:82501e91b8143d48f905b3286ad0ed1bdab7c0f3484295e52dba19ff08d91026",
                "sha256:d13a9d9ddebdc2f6d93c0c43c39dd071fe9af13fc4f3977f2e380d9c478d74a7",
                "sha256:0bf9e3ce1ea6ebd53b47e09c451780638cb52856fe884720cd1ae4b433f8a2cb",
                "sha256:9b185a57d9fa3d242c1e0618becb8aa1c46d2129a9f490a8a9bc1df120ad8aee",
                "sha256:57e836b2683b9ed507660c0ce6af41a59d8de0047d2665d898a3d88c6e487017",
                "sha256:adaa408db42e55fb48afff452d7af9f285a641a88e138bb3e03b29102983e8f1",
                "sha256:0328c66f3bf2b389b8e002d63ea6eba74f86bedb0e630a93a2b9e6dce1787b60",
                "sha256:56c145971e374642b7bba4714040d8fded0d7d018a698e7be79c789f9de705f7",
                "sha256:68afb2e8dafdc8b687af9e38e77192d2a4888a3cb110659ff5a7cfc96be5ddec",
                "sha256:ca1f02baba1ce89eda8bc5a9208c58510586d0608cc0f355b153b514ec888599",
                "sha256:7a1ff7659b1f198b61a4033bb253a6a36c846d7f1d9a0052b4881f27f5be7d6d",
                "sha256:89de0034ab008d5e81ec3ec58fb31a8c751908d73e3d9650e0044da836a3f280",
                "sha256:e27a7a95317371c15ecda7206f6e8c144f10a337bb2c3e61b5176deafbb88cb2"
            ],
            "version": "==3.2.0"
        },
        "pysocks": {
            "hashes": [
                "sha256:e51c7694b10288e6fd9a28e15c0bcce9aca0327e7b32ebcd9af05fcd56f38b88"
            ],
            "version": "==1.5.7"
        },
        "requests": {
            "hashes": [
                "sha256:09bc1b5f3a56cd8c48d433213a8cba51a67d12936568f73b5f1793fcb0c0979e",
                "sha256:63f1815788157130cee16a933b2ee184038e975f0017306d723ac326b5525b54"
            ],
            "version": "==2.10.0"
        }
    },
    "develop": {}
}
